// !$*UTF8*$!
{
	archiveVersion = 1;
	classes = {
	};
	objectVersion = 50;
	objects = {

/* Begin PBXBuildFile section */
		7B02CDF4FB4DC070FA785381 /* Pods_devopsdemo.framework in Frameworks */ = {isa = PBXBuildFile; fileRef = 912CFF34A2E88C238FD22F6D /* Pods_devopsdemo.framework */; };
		87D12FD5259D98DE00B63F20 /* AppDelegate.swift in Sources */ = {isa = PBXBuildFile; fileRef = 87D12FD4259D98DE00B63F20 /* AppDelegate.swift */; };
		87D12FD7259D98DE00B63F20 /* SceneDelegate.swift in Sources */ = {isa = PBXBuildFile; fileRef = 87D12FD6259D98DE00B63F20 /* SceneDelegate.swift */; };
		87D12FD9259D98DE00B63F20 /* ViewController.swift in Sources */ = {isa = PBXBuildFile; fileRef = 87D12FD8259D98DE00B63F20 /* ViewController.swift */; };
		87D12FDC259D98DE00B63F20 /* Main.storyboard in Resources */ = {isa = PBXBuildFile; fileRef = 87D12FDA259D98DE00B63F20 /* Main.storyboard */; };
		87D12FDE259D98E000B63F20 /* Assets.xcassets in Resources */ = {isa = PBXBuildFile; fileRef = 87D12FDD259D98E000B63F20 /* Assets.xcassets */; };
		87D12FE1259D98E000B63F20 /* LaunchScreen.storyboard in Resources */ = {isa = PBXBuildFile; fileRef = 87D12FDF259D98E000B63F20 /* LaunchScreen.storyboard */; };
/* End PBXBuildFile section */

/* Begin PBXFileReference section */
		6E67700765F586D5E2C70818 /* Pods-devopsdemo.debug.xcconfig */ = {isa = PBXFileReference; includeInIndex = 1; lastKnownFileType = text.xcconfig; name = "Pods-devopsdemo.debug.xcconfig"; path = "Target Support Files/Pods-devopsdemo/Pods-devopsdemo.debug.xcconfig"; sourceTree = "<group>"; };
		7D6C6806592F4CE6292617F4 /* Pods-devopsdemo.release.xcconfig */ = {isa = PBXFileReference; includeInIndex = 1; lastKnownFileType = text.xcconfig; name = "Pods-devopsdemo.release.xcconfig"; path = "Target Support Files/Pods-devopsdemo/Pods-devopsdemo.release.xcconfig"; sourceTree = "<group>"; };
		87D12FD1259D98DE00B63F20 /* devopsdemo.app */ = {isa = PBXFileReference; explicitFileType = wrapper.application; includeInIndex = 0; path = devopsdemo.app; sourceTree = BUILT_PRODUCTS_DIR; };
		87D12FD4259D98DE00B63F20 /* AppDelegate.swift */ = {isa = PBXFileReference; lastKnownFileType = sourcecode.swift; path = AppDelegate.swift; sourceTree = "<group>"; };
		87D12FD6259D98DE00B63F20 /* SceneDelegate.swift */ = {isa = PBXFileReference; lastKnownFileType = sourcecode.swift; path = SceneDelegate.swift; sourceTree = "<group>"; };
		87D12FD8259D98DE00B63F20 /* ViewController.swift */ = {isa = PBXFileReference; lastKnownFileType = sourcecode.swift; path = ViewController.swift; sourceTree = "<group>"; };
		87D12FDB259D98DE00B63F20 /* Base */ = {isa = PBXFileReference; lastKnownFileType = file.storyboard; name = Base; path = Base.lproj/Main.storyboard; sourceTree = "<group>"; };
		87D12FDD259D98E000B63F20 /* Assets.xcassets */ = {isa = PBXFileReference; lastKnownFileType = folder.assetcatalog; path = Assets.xcassets; sourceTree = "<group>"; };
		87D12FE0259D98E000B63F20 /* Base */ = {isa = PBXFileReference; lastKnownFileType = file.storyboard; name = Base; path = Base.lproj/LaunchScreen.storyboard; sourceTree = "<group>"; };
		87D12FE2259D98E000B63F20 /* Info.plist */ = {isa = PBXFileReference; lastKnownFileType = text.plist.xml; path = Info.plist; sourceTree = "<group>"; };
		912CFF34A2E88C238FD22F6D /* Pods_devopsdemo.framework */ = {isa = PBXFileReference; explicitFileType = wrapper.framework; includeInIndex = 0; path = Pods_devopsdemo.framework; sourceTree = BUILT_PRODUCTS_DIR; };
/* End PBXFileReference section */

/* Begin PBXFrameworksBuildPhase section */
		87D12FCE259D98DE00B63F20 /* Frameworks */ = {
			isa = PBXFrameworksBuildPhase;
			buildActionMask = 2147483647;
			files = (
				7B02CDF4FB4DC070FA785381 /* Pods_devopsdemo.framework in Frameworks */,
			);
			runOnlyForDeploymentPostprocessing = 0;
		};
/* End PBXFrameworksBuildPhase section */

/* Begin PBXGroup section */
		69F2A7FDBFD7AEA43610A05F /* Pods */ = {
			isa = PBXGroup;
			children = (
				6E67700765F586D5E2C70818 /* Pods-devopsdemo.debug.xcconfig */,
				7D6C6806592F4CE6292617F4 /* Pods-devopsdemo.release.xcconfig */,
			);
			name = Pods;
			path = Pods;
			sourceTree = "<group>";
		};
		831CB565FAB5FEE6818DDB67 /* Frameworks */ = {
			isa = PBXGroup;
			children = (
				912CFF34A2E88C238FD22F6D /* Pods_devopsdemo.framework */,
			);
			name = Frameworks;
			sourceTree = "<group>";
		};
		87D12FC8259D98DE00B63F20 = {
			isa = PBXGroup;
			children = (
				87D12FD3259D98DE00B63F20 /* devopsdemo */,
				87D12FD2259D98DE00B63F20 /* Products */,
				69F2A7FDBFD7AEA43610A05F /* Pods */,
				831CB565FAB5FEE6818DDB67 /* Frameworks */,
			);
			sourceTree = "<group>";
		};
		87D12FD2259D98DE00B63F20 /* Products */ = {
			isa = PBXGroup;
			children = (
				87D12FD1259D98DE00B63F20 /* devopsdemo.app */,
			);
			name = Products;
			sourceTree = "<group>";
		};
		87D12FD3259D98DE00B63F20 /* devopsdemo */ = {
			isa = PBXGroup;
			children = (
				87D12FD4259D98DE00B63F20 /* AppDelegate.swift */,
				87D12FD6259D98DE00B63F20 /* SceneDelegate.swift */,
				87D12FD8259D98DE00B63F20 /* ViewController.swift */,
				87D12FDA259D98DE00B63F20 /* Main.storyboard */,
				87D12FDD259D98E000B63F20 /* Assets.xcassets */,
				87D12FDF259D98E000B63F20 /* LaunchScreen.storyboard */,
				87D12FE2259D98E000B63F20 /* Info.plist */,
			);
			path = devopsdemo;
			sourceTree = "<group>";
		};
/* End PBXGroup section */

/* Begin PBXNativeTarget section */
		87D12FD0259D98DE00B63F20 /* devopsdemo */ = {
			isa = PBXNativeTarget;
			buildConfigurationList = 87D12FE5259D98E000B63F20 /* Build configuration list for PBXNativeTarget "devopsdemo" */;
			buildPhases = (
				C010F02A6A9440C8FF46350D /* [CP] Check Pods Manifest.lock */,
				87D12FCD259D98DE00B63F20 /* Sources */,
				87D12FCE259D98DE00B63F20 /* Frameworks */,
				87D12FCF259D98DE00B63F20 /* Resources */,
				A0044D617EFC91A79CAA3339 /* [CP] Embed Pods Frameworks */,
			);
			buildRules = (
			);
			dependencies = (
			);
			name = devopsdemo;
			productName = devopsdemo;
			productReference = 87D12FD1259D98DE00B63F20 /* devopsdemo.app */;
			productType = "com.apple.product-type.application";
		};
/* End PBXNativeTarget section */

/* Begin PBXProject section */
		87D12FC9259D98DE00B63F20 /* Project object */ = {
			isa = PBXProject;
			attributes = {
				LastSwiftUpdateCheck = 1150;
				LastUpgradeCheck = 1150;
				ORGANIZATIONNAME = "Vuong Vu Van (VN)";
				TargetAttributes = {
					87D12FD0259D98DE00B63F20 = {
						CreatedOnToolsVersion = 11.5;
					};
				};
			};
			buildConfigurationList = 87D12FCC259D98DE00B63F20 /* Build configuration list for PBXProject "devopsdemo" */;
			compatibilityVersion = "Xcode 9.3";
			developmentRegion = en;
			hasScannedForEncodings = 0;
			knownRegions = (
				en,
				Base,
			);
			mainGroup = 87D12FC8259D98DE00B63F20;
			productRefGroup = 87D12FD2259D98DE00B63F20 /* Products */;
			projectDirPath = "";
			projectRoot = "";
			targets = (
				87D12FD0259D98DE00B63F20 /* devopsdemo */,
			);
		};
/* End PBXProject section */

/* Begin PBXResourcesBuildPhase section */
		87D12FCF259D98DE00B63F20 /* Resources */ = {
			isa = PBXResourcesBuildPhase;
			buildActionMask = 2147483647;
			files = (
				87D12FE1259D98E000B63F20 /* LaunchScreen.storyboard in Resources */,
				87D12FDE259D98E000B63F20 /* Assets.xcassets in Resources */,
				87D12FDC259D98DE00B63F20 /* Main.storyboard in Resources */,
			);
			runOnlyForDeploymentPostprocessing = 0;
		};
/* End PBXResourcesBuildPhase section */

/* Begin PBXShellScriptBuildPhase section */
		A0044D617EFC91A79CAA3339 /* [CP] Embed Pods Frameworks */ = {
			isa = PBXShellScriptBuildPhase;
			buildActionMask = 2147483647;
			files = (
			);
			inputFileListPaths = (
				"${PODS_ROOT}/Target Support Files/Pods-devopsdemo/Pods-devopsdemo-frameworks-${CONFIGURATION}-input-files.xcfilelist",
			);
			name = "[CP] Embed Pods Frameworks";
			outputFileListPaths = (
				"${PODS_ROOT}/Target Support Files/Pods-devopsdemo/Pods-devopsdemo-frameworks-${CONFIGURATION}-output-files.xcfilelist",
			);
			runOnlyForDeploymentPostprocessing = 0;
			shellPath = /bin/sh;
			shellScript = "\"${PODS_ROOT}/Target Support Files/Pods-devopsdemo/Pods-devopsdemo-frameworks.sh\"\n";
			showEnvVarsInLog = 0;
		};
		C010F02A6A9440C8FF46350D /* [CP] Check Pods Manifest.lock */ = {
			isa = PBXShellScriptBuildPhase;
			buildActionMask = 2147483647;
			files = (
			);
			inputFileListPaths = (
			);
			inputPaths = (
				"${PODS_PODFILE_DIR_PATH}/Podfile.lock",
				"${PODS_ROOT}/Manifest.lock",
			);
			name = "[CP] Check Pods Manifest.lock";
			outputFileListPaths = (
			);
			outputPaths = (
				"$(DERIVED_FILE_DIR)/Pods-devopsdemo-checkManifestLockResult.txt",
			);
			runOnlyForDeploymentPostprocessing = 0;
			shellPath = /bin/sh;
			shellScript = "diff \"${PODS_PODFILE_DIR_PATH}/Podfile.lock\" \"${PODS_ROOT}/Manifest.lock\" > /dev/null\nif [ $? != 0 ] ; then\n    # print error to STDERR\n    echo \"error: The sandbox is not in sync with the Podfile.lock. Run 'pod install' or update your CocoaPods installation.\" >&2\n    exit 1\nfi\n# This output is used by Xcode 'outputs' to avoid re-running this script phase.\necho \"SUCCESS\" > \"${SCRIPT_OUTPUT_FILE_0}\"\n";
			showEnvVarsInLog = 0;
		};
/* End PBXShellScriptBuildPhase section */

/* Begin PBXSourcesBuildPhase section */
		87D12FCD259D98DE00B63F20 /* Sources */ = {
			isa = PBXSourcesBuildPhase;
			buildActionMask = 2147483647;
			files = (
				87D12FD9259D98DE00B63F20 /* ViewController.swift in Sources */,
				87D12FD5259D98DE00B63F20 /* AppDelegate.swift in Sources */,
				87D12FD7259D98DE00B63F20 /* SceneDelegate.swift in Sources */,
			);
			runOnlyForDeploymentPostprocessing = 0;
		};
/* End PBXSourcesBuildPhase section */

/* Begin PBXVariantGroup section */
		87D12FDA259D98DE00B63F20 /* Main.storyboard */ = {
			isa = PBXVariantGroup;
			children = (
				87D12FDB259D98DE00B63F20 /* Base */,
			);
			name = Main.storyboard;
			sourceTree = "<group>";
		};
		87D12FDF259D98E000B63F20 /* LaunchScreen.storyboard */ = {
			isa = PBXVariantGroup;
			children = (
				87D12FE0259D98E000B63F20 /* Base */,
			);
			name = LaunchScreen.storyboard;
			sourceTree = "<group>";
		};
/* End PBXVariantGroup section */

/* Begin XCBuildConfiguration section */
		87D12FE3259D98E000B63F20 /* Debug */ = {
			isa = XCBuildConfiguration;
			buildSettings = {
				ALWAYS_SEARCH_USER_PATHS = NO;
				CLANG_ANALYZER_NONNULL = YES;
				CLANG_ANALYZER_NUMBER_OBJECT_CONVERSION = YES_AGGRESSIVE;
				CLANG_CXX_LANGUAGE_STANDARD = "gnu++14";
				CLANG_CXX_LIBRARY = "libc++";
				CLANG_ENABLE_MODULES = YES;
				CLANG_ENABLE_OBJC_ARC = YES;
				CLANG_ENABLE_OBJC_WEAK = YES;
				CLANG_WARN_BLOCK_CAPTURE_AUTORELEASING = YES;
				CLANG_WARN_BOOL_CONVERSION = YES;
				CLANG_WARN_COMMA = YES;
				CLANG_WARN_CONSTANT_CONVERSION = YES;
				CLANG_WARN_DEPRECATED_OBJC_IMPLEMENTATIONS = YES;
				CLANG_WARN_DIRECT_OBJC_ISA_USAGE = YES_ERROR;
				CLANG_WARN_DOCUMENTATION_COMMENTS = YES;
				CLANG_WARN_EMPTY_BODY = YES;
				CLANG_WARN_ENUM_CONVERSION = YES;
				CLANG_WARN_INFINITE_RECURSION = YES;
				CLANG_WARN_INT_CONVERSION = YES;
				CLANG_WARN_NON_LITERAL_NULL_CONVERSION = YES;
				CLANG_WARN_OBJC_IMPLICIT_RETAIN_SELF = YES;
				CLANG_WARN_OBJC_LITERAL_CONVERSION = YES;
				CLANG_WARN_OBJC_ROOT_CLASS = YES_ERROR;
				CLANG_WARN_RANGE_LOOP_ANALYSIS = YES;
				CLANG_WARN_STRICT_PROTOTYPES = YES;
				CLANG_WARN_SUSPICIOUS_MOVE = YES;
				CLANG_WARN_UNGUARDED_AVAILABILITY = YES_AGGRESSIVE;
				CLANG_WARN_UNREACHABLE_CODE = YES;
				CLANG_WARN__DUPLICATE_METHOD_MATCH = YES;
				COPY_PHASE_STRIP = NO;
				DEBUG_INFORMATION_FORMAT = dwarf;
				ENABLE_STRICT_OBJC_MSGSEND = YES;
				ENABLE_TESTABILITY = YES;
				GCC_C_LANGUAGE_STANDARD = gnu11;
				GCC_DYNAMIC_NO_PIC = NO;
				GCC_NO_COMMON_BLOCKS = YES;
				GCC_OPTIMIZATION_LEVEL = 0;
				GCC_PREPROCESSOR_DEFINITIONS = (
					"DEBUG=1",
					"$(inherited)",
				);
				GCC_WARN_64_TO_32_BIT_CONVERSION = YES;
				GCC_WARN_ABOUT_RETURN_TYPE = YES_ERROR;
				GCC_WARN_UNDECLARED_SELECTOR = YES;
				GCC_WARN_UNINITIALIZED_AUTOS = YES_AGGRESSIVE;
				GCC_WARN_UNUSED_FUNCTION = YES;
				GCC_WARN_UNUSED_VARIABLE = YES;
				IPHONEOS_DEPLOYMENT_TARGET = 13.5;
				MTL_ENABLE_DEBUG_INFO = INCLUDE_SOURCE;
				MTL_FAST_MATH = YES;
				ONLY_ACTIVE_ARCH = YES;
				SDKROOT = iphoneos;
				SWIFT_ACTIVE_COMPILATION_CONDITIONS = DEBUG;
				SWIFT_OPTIMIZATION_LEVEL = "-Onone";
			};
			name = Debug;
		};
		87D12FE4259D98E000B63F20 /* Release */ = {
			isa = XCBuildConfiguration;
			buildSettings = {
				ALWAYS_SEARCH_USER_PATHS = NO;
				CLANG_ANALYZER_NONNULL = YES;
				CLANG_ANALYZER_NUMBER_OBJECT_CONVERSION = YES_AGGRESSIVE;
				CLANG_CXX_LANGUAGE_STANDARD = "gnu++14";
				CLANG_CXX_LIBRARY = "libc++";
				CLANG_ENABLE_MODULES = YES;
				CLANG_ENABLE_OBJC_ARC = YES;
				CLANG_ENABLE_OBJC_WEAK = YES;
				CLANG_WARN_BLOCK_CAPTURE_AUTORELEASING = YES;
				CLANG_WARN_BOOL_CONVERSION = YES;
				CLANG_WARN_COMMA = YES;
				CLANG_WARN_CONSTANT_CONVERSION = YES;
				CLANG_WARN_DEPRECATED_OBJC_IMPLEMENTATIONS = YES;
				CLANG_WARN_DIRECT_OBJC_ISA_USAGE = YES_ERROR;
				CLANG_WARN_DOCUMENTATION_COMMENTS = YES;
				CLANG_WARN_EMPTY_BODY = YES;
				CLANG_WARN_ENUM_CONVERSION = YES;
				CLANG_WARN_INFINITE_RECURSION = YES;
				CLANG_WARN_INT_CONVERSION = YES;
				CLANG_WARN_NON_LITERAL_NULL_CONVERSION = YES;
				CLANG_WARN_OBJC_IMPLICIT_RETAIN_SELF = YES;
				CLANG_WARN_OBJC_LITERAL_CONVERSION = YES;
				CLANG_WARN_OBJC_ROOT_CLASS = YES_ERROR;
				CLANG_WARN_RANGE_LOOP_ANALYSIS = YES;
				CLANG_WARN_STRICT_PROTOTYPES = YES;
				CLANG_WARN_SUSPICIOUS_MOVE = YES;
				CLANG_WARN_UNGUARDED_AVAILABILITY = YES_AGGRESSIVE;
				CLANG_WARN_UNREACHABLE_CODE = YES;
				CLANG_WARN__DUPLICATE_METHOD_MATCH = YES;
				COPY_PHASE_STRIP = NO;
				DEBUG_INFORMATION_FORMAT = "dwarf-with-dsym";
				ENABLE_NS_ASSERTIONS = NO;
				ENABLE_STRICT_OBJC_MSGSEND = YES;
				GCC_C_LANGUAGE_STANDARD = gnu11;
				GCC_NO_COMMON_BLOCKS = YES;
				GCC_WARN_64_TO_32_BIT_CONVERSION = YES;
				GCC_WARN_ABOUT_RETURN_TYPE = YES_ERROR;
				GCC_WARN_UNDECLARED_SELECTOR = YES;
				GCC_WARN_UNINITIALIZED_AUTOS = YES_AGGRESSIVE;
				GCC_WARN_UNUSED_FUNCTION = YES;
				GCC_WARN_UNUSED_VARIABLE = YES;
				IPHONEOS_DEPLOYMENT_TARGET = 13.5;
				MTL_ENABLE_DEBUG_INFO = NO;
				MTL_FAST_MATH = YES;
				SDKROOT = iphoneos;
				SWIFT_COMPILATION_MODE = wholemodule;
				SWIFT_OPTIMIZATION_LEVEL = "-O";
				VALIDATE_PRODUCT = YES;
			};
			name = Release;
		};
		87D12FE6259D98E000B63F20 /* Debug */ = {
			isa = XCBuildConfiguration;
			baseConfigurationReference = 6E67700765F586D5E2C70818 /* Pods-devopsdemo.debug.xcconfig */;
			buildSettings = {
				ASSETCATALOG_COMPILER_APPICON_NAME = AppIcon;
				CODE_SIGN_STYLE = Automatic;
				INFOPLIST_FILE = devopsdemo/Info.plist;
				LD_RUNPATH_SEARCH_PATHS = (
					"$(inherited)",
					"@executable_path/Frameworks",
				);
				PRODUCT_BUNDLE_IDENTIFIER = com.gony.devopsdemo;
				PRODUCT_NAME = "$(TARGET_NAME)";
				SWIFT_VERSION = 5.0;
				TARGETED_DEVICE_FAMILY = "1,2";
			};
			name = Debug;
		};
		87D12FE7259D98E000B63F20 /* Release */ = {
			isa = XCBuildConfiguration;
			baseConfigurationReference = 7D6C6806592F4CE6292617F4 /* Pods-devopsdemo.release.xcconfig */;
			buildSettings = {
				ASSETCATALOG_COMPILER_APPICON_NAME = AppIcon;
				CODE_SIGN_STYLE = Automatic;
				INFOPLIST_FILE = devopsdemo/Info.plist;
				LD_RUNPATH_SEARCH_PATHS = (
					"$(inherited)",
					"@executable_path/Frameworks",
				);
				PRODUCT_BUNDLE_IDENTIFIER = com.gony.devopsdemo;
				PRODUCT_NAME = "$(TARGET_NAME)";
				SWIFT_VERSION = 5.0;
				TARGETED_DEVICE_FAMILY = "1,2";
			};
			name = Release;
		};
/* End XCBuildConfiguration section */

/* Begin XCConfigurationList section */
		87D12FCC259D98DE00B63F20 /* Build configuration list for PBXProject "devopsdemo" */ = {
			isa = XCConfigurationList;
			buildConfigurations = (
				87D12FE3259D98E000B63F20 /* Debug */,
				87D12FE4259D98E000B63F20 /* Release */,
			);
			defaultConfigurationIsVisible = 0;
			defaultConfigurationName = Release;
		};
		87D12FE5259D98E000B63F20 /* Build configuration list for PBXNativeTarget "devopsdemo" */ = {
			isa = XCConfigurationList;
			buildConfigurations = (
				87D12FE6259D98E000B63F20 /* Debug */,
				87D12FE7259D98E000B63F20 /* Release */,
			);
			defaultConfigurationIsVisible = 0;
			defaultConfigurationName = Release;
		};
/* End XCConfigurationList section */
	};
	rootObject = 87D12FC9259D98DE00B63F20 /* Project object */;
}
